
Microsoft Visual Studio Solution File, Format Version 12.00
# Visual Studio 15
VisualStudioVersion = 15.0.28307.779
MinimumVisualStudioVersion = 10.0.40219.1
Project("{FAE04EC0-301F-11D3-BF4B-00C04F79EFBC}") = "ProgrammingInCSharp", "ProgrammingInCSharp\ProgrammingInCSharp.csproj", "{112DBA0F-CB24-4D04-9DAD-EA63BC68FA7B}"
EndProject
Global
	GlobalSection(SolutionConfigurationPlatforms) = preSolution
		Debug|Any CPU = Debug|Any CPU
		Release|Any CPU = Release|Any CPU
	EndGlobalSection
	GlobalSection(ProjectConfigurationPlatforms) = postSolution
		{112DBA0F-CB24-4D04-9DAD-EA63BC68FA7B}.Debug|Any CPU.ActiveCfg = Debug|Any CPU
		{112DBA0F-CB24-4D04-9DAD-EA63BC68FA7B}.Debug|Any CPU.Build.0 = Debug|Any CPU
		{112DBA0F-CB24-4D04-9DAD-EA63BC68FA7B}.Release|Any CPU.ActiveCfg = Release|Any CPU
		{112DBA0F-CB24-4D04-9DAD-EA63BC68FA7B}.Release|Any CPU.Build.0 = Release|Any CPU
	EndGlobalSection
	GlobalSection(SolutionProperties) = preSolution
		HideSolutionNode = FALSE
	EndGlobalSection
	GlobalSection(ExtensibilityGlobals) = postSolution
		SolutionGuid = {C811128D-9C66-4A77-ACD2-E2B365D9FE25}
	EndGlobalSection
EndGlobal
